dependencies:
  espressif/zlib:
    component_hash: 999ec50086ac1c82b8321d8f540dc9fd10f5622948b935558aa16b4b66e95d9d
    source:
      service_url: https://api.components.espressif.com/
      type: service
    version: 1.3.0
  idf:
    component_hash: null
    source:
      type: idf
    version: 5.1.1
manifest_hash: b49098f161c2253f79d3f397557424e6f018cb8c3c7eabd0777dd78d6bc74cf8
target: esp32s3
version: 1.0.0
