dependencies:
  espressif__zlib:
    component_hash: null
    source:
      path: C:\Users\lucab\Documents\RaceUp\telemetry\esp32\components\espressif__zlib
      type: local
    version: 1.3.0
  idf:
    component_hash: null
    source:
      type: idf
    version: 5.1.1
manifest_hash: 1d10b49829d7d7f220cdfe3c93483af0713b0234f03ac45fb7ff91cadb430166
target: esp32s3
version: 1.0.0
